
Microsoft Visual Studio Solution File, Format Version 12.00
# Visual Studio Version 17
VisualStudioVersion = 17.3.32811.315
MinimumVisualStudioVersion = 10.0.40219.1
Project("{2150E333-8FDC-42A3-9474-1A3956D46DE8}") = "CREATIONAL", "CREATIONAL", "{F8DA992D-6B66-4A3B-B497-68A332F9F40B}"
EndProject
Project("{2150E333-8FDC-42A3-9474-1A3956D46DE8}") = "Singleton", "Singleton", "{7921B910-F553-4880-A5E2-90D64CE4DE28}"
EndProject
Project("{9A19103F-16F7-4668-BE54-9A1E7A4F7556}") = "Singleton", "CREATIONAL\PATTERNS\Singleton\Singleton.csproj", "{B83D1C48-B0F3-47ED-84EB-838CA83FC67A}"
EndProject
Project("{2150E333-8FDC-42A3-9474-1A3956D46DE8}") = "FactoryMethod", "FactoryMethod", "{6A76D58D-E90D-4A04-A4CD-AF78094D18BE}"
EndProject
Project("{9A19103F-16F7-4668-BE54-9A1E7A4F7556}") = "FactoryMethod", "CREATIONAL\PATTERNS\FactoryMethod\FactoryMethod\FactoryMethod.csproj", "{9632F948-7835-4CA1-BA9B-C744E7A2EF1F}"
EndProject
Project("{2150E333-8FDC-42A3-9474-1A3956D46DE8}") = "AbstractFactory", "AbstractFactory", "{FEDFFF3D-0AA8-4B63-880C-941A85ACB5A9}"
EndProject
Project("{FAE04EC0-301F-11D3-BF4B-00C04F79EFBC}") = "AbstractFactorPattern", "CREATIONAL\PATTERNS\AbstractFactory\AbstractFactorPattern\AbstractFactorPattern.csproj", "{B1E7A9CC-A48F-4E02-938D-3440432E4347}"
EndProject
Project("{2150E333-8FDC-42A3-9474-1A3956D46DE8}") = "Prototype", "Prototype", "{5E5E81DD-263C-45C0-B7EC-7AADC0C6D6A3}"
EndProject
Project("{FAE04EC0-301F-11D3-BF4B-00C04F79EFBC}") = "PrototypePattern", "CREATIONAL\PATTERNS\Prototype\PrototypePattern\PrototypePattern.csproj", "{7136F4C1-BFC6-41E8-9E4C-910557A8C5AD}"
EndProject
Project("{2150E333-8FDC-42A3-9474-1A3956D46DE8}") = "Builder", "Builder", "{552D2AE2-EB05-4140-AA0B-3DADD8CE3024}"
EndProject
Project("{FAE04EC0-301F-11D3-BF4B-00C04F79EFBC}") = "BuilderPattern", "CREATIONAL\PATTERNS\Builder\BuilderPattern\BuilderPattern.csproj", "{834B0352-6F41-4329-A70A-FFF5EB442B21}"
EndProject
Global
	GlobalSection(SolutionConfigurationPlatforms) = preSolution
		Debug|Any CPU = Debug|Any CPU
		Release|Any CPU = Release|Any CPU
	EndGlobalSection
	GlobalSection(ProjectConfigurationPlatforms) = postSolution
		{B83D1C48-B0F3-47ED-84EB-838CA83FC67A}.Debug|Any CPU.ActiveCfg = Debug|Any CPU
		{B83D1C48-B0F3-47ED-84EB-838CA83FC67A}.Debug|Any CPU.Build.0 = Debug|Any CPU
		{B83D1C48-B0F3-47ED-84EB-838CA83FC67A}.Release|Any CPU.ActiveCfg = Release|Any CPU
		{B83D1C48-B0F3-47ED-84EB-838CA83FC67A}.Release|Any CPU.Build.0 = Release|Any CPU
		{9632F948-7835-4CA1-BA9B-C744E7A2EF1F}.Debug|Any CPU.ActiveCfg = Debug|Any CPU
		{9632F948-7835-4CA1-BA9B-C744E7A2EF1F}.Debug|Any CPU.Build.0 = Debug|Any CPU
		{9632F948-7835-4CA1-BA9B-C744E7A2EF1F}.Release|Any CPU.ActiveCfg = Release|Any CPU
		{9632F948-7835-4CA1-BA9B-C744E7A2EF1F}.Release|Any CPU.Build.0 = Release|Any CPU
		{B1E7A9CC-A48F-4E02-938D-3440432E4347}.Debug|Any CPU.ActiveCfg = Debug|Any CPU
		{B1E7A9CC-A48F-4E02-938D-3440432E4347}.Debug|Any CPU.Build.0 = Debug|Any CPU
		{B1E7A9CC-A48F-4E02-938D-3440432E4347}.Release|Any CPU.ActiveCfg = Release|Any CPU
		{B1E7A9CC-A48F-4E02-938D-3440432E4347}.Release|Any CPU.Build.0 = Release|Any CPU
		{7136F4C1-BFC6-41E8-9E4C-910557A8C5AD}.Debug|Any CPU.ActiveCfg = Debug|Any CPU
		{7136F4C1-BFC6-41E8-9E4C-910557A8C5AD}.Debug|Any CPU.Build.0 = Debug|Any CPU
		{7136F4C1-BFC6-41E8-9E4C-910557A8C5AD}.Release|Any CPU.ActiveCfg = Release|Any CPU
		{7136F4C1-BFC6-41E8-9E4C-910557A8C5AD}.Release|Any CPU.Build.0 = Release|Any CPU
		{834B0352-6F41-4329-A70A-FFF5EB442B21}.Debug|Any CPU.ActiveCfg = Debug|Any CPU
		{834B0352-6F41-4329-A70A-FFF5EB442B21}.Debug|Any CPU.Build.0 = Debug|Any CPU
		{834B0352-6F41-4329-A70A-FFF5EB442B21}.Release|Any CPU.ActiveCfg = Release|Any CPU
		{834B0352-6F41-4329-A70A-FFF5EB442B21}.Release|Any CPU.Build.0 = Release|Any CPU
	EndGlobalSection
	GlobalSection(SolutionProperties) = preSolution
		HideSolutionNode = FALSE
	EndGlobalSection
	GlobalSection(NestedProjects) = preSolution
		{7921B910-F553-4880-A5E2-90D64CE4DE28} = {F8DA992D-6B66-4A3B-B497-68A332F9F40B}
		{B83D1C48-B0F3-47ED-84EB-838CA83FC67A} = {7921B910-F553-4880-A5E2-90D64CE4DE28}
		{6A76D58D-E90D-4A04-A4CD-AF78094D18BE} = {F8DA992D-6B66-4A3B-B497-68A332F9F40B}
		{9632F948-7835-4CA1-BA9B-C744E7A2EF1F} = {6A76D58D-E90D-4A04-A4CD-AF78094D18BE}
		{FEDFFF3D-0AA8-4B63-880C-941A85ACB5A9} = {F8DA992D-6B66-4A3B-B497-68A332F9F40B}
		{B1E7A9CC-A48F-4E02-938D-3440432E4347} = {FEDFFF3D-0AA8-4B63-880C-941A85ACB5A9}
		{5E5E81DD-263C-45C0-B7EC-7AADC0C6D6A3} = {F8DA992D-6B66-4A3B-B497-68A332F9F40B}
		{7136F4C1-BFC6-41E8-9E4C-910557A8C5AD} = {5E5E81DD-263C-45C0-B7EC-7AADC0C6D6A3}
		{552D2AE2-EB05-4140-AA0B-3DADD8CE3024} = {F8DA992D-6B66-4A3B-B497-68A332F9F40B}
		{834B0352-6F41-4329-A70A-FFF5EB442B21} = {552D2AE2-EB05-4140-AA0B-3DADD8CE3024}
	EndGlobalSection
	GlobalSection(ExtensibilityGlobals) = postSolution
		SolutionGuid = {1AF1B6A7-C84B-4819-8516-BAB67847BFD6}
	EndGlobalSection
EndGlobal
