
Microsoft Visual Studio Solution File, Format Version 12.00
# Visual Studio Version 17
VisualStudioVersion = 17.3.32811.315
MinimumVisualStudioVersion = 10.0.40219.1
Project("{2150E333-8FDC-42A3-9474-1A3956D46DE8}") = "CREATIONAL", "CREATIONAL", "{F8DA992D-6B66-4A3B-B497-68A332F9F40B}"
EndProject
Project("{2150E333-8FDC-42A3-9474-1A3956D46DE8}") = "Singleton", "Singleton", "{7921B910-F553-4880-A5E2-90D64CE4DE28}"
EndProject
Project("{9A19103F-16F7-4668-BE54-9A1E7A4F7556}") = "Singleton", "CREATIONAL\PATTERNS\Singleton\Singleton.csproj", "{B83D1C48-B0F3-47ED-84EB-838CA83FC67A}"
EndProject
Project("{2150E333-8FDC-42A3-9474-1A3956D46DE8}") = "FactoryMethod", "FactoryMethod", "{6A76D58D-E90D-4A04-A4CD-AF78094D18BE}"
EndProject
Project("{9A19103F-16F7-4668-BE54-9A1E7A4F7556}") = "FactoryMethod", "CREATIONAL\PATTERNS\FactoryMethod\FactoryMethod\FactoryMethod.csproj", "{9632F948-7835-4CA1-BA9B-C744E7A2EF1F}"
EndProject
Project("{2150E333-8FDC-42A3-9474-1A3956D46DE8}") = "AbstractFactory", "AbstractFactory", "{FEDFFF3D-0AA8-4B63-880C-941A85ACB5A9}"
EndProject
Project("{9A19103F-16F7-4668-BE54-9A1E7A4F7556}") = "AbstractFactorPattern", "CREATIONAL\PATTERNS\AbstractFactory\AbstractFactorPattern\AbstractFactorPattern.csproj", "{B1E7A9CC-A48F-4E02-938D-3440432E4347}"
EndProject
Project("{2150E333-8FDC-42A3-9474-1A3956D46DE8}") = "Prototype", "Prototype", "{5E5E81DD-263C-45C0-B7EC-7AADC0C6D6A3}"
EndProject
Project("{9A19103F-16F7-4668-BE54-9A1E7A4F7556}") = "PrototypePattern", "CREATIONAL\PATTERNS\Prototype\PrototypePattern\PrototypePattern.csproj", "{7136F4C1-BFC6-41E8-9E4C-910557A8C5AD}"
EndProject
Project("{2150E333-8FDC-42A3-9474-1A3956D46DE8}") = "Builder", "Builder", "{552D2AE2-EB05-4140-AA0B-3DADD8CE3024}"
EndProject
Project("{9A19103F-16F7-4668-BE54-9A1E7A4F7556}") = "BuilderPattern", "CREATIONAL\PATTERNS\Builder\BuilderPattern\BuilderPattern.csproj", "{834B0352-6F41-4329-A70A-FFF5EB442B21}"
EndProject
Project("{2150E333-8FDC-42A3-9474-1A3956D46DE8}") = "STRUCTURAL", "STRUCTURAL", "{0B24DD7E-AF6A-467B-B04F-37A53A5EDA9D}"
EndProject
Project("{2150E333-8FDC-42A3-9474-1A3956D46DE8}") = "Adapter", "Adapter", "{3E386CAC-1048-49E0-B314-BF5C0EE14A48}"
EndProject
Project("{9A19103F-16F7-4668-BE54-9A1E7A4F7556}") = "AdapterPattern", "STRUCTURAL\Adapter\AdapterPattern\AdapterPattern.csproj", "{03D2B8EA-4ED5-4CA2-AC86-ACC401952646}"
EndProject
Project("{2150E333-8FDC-42A3-9474-1A3956D46DE8}") = "Decorator", "Decorator", "{02A94BB9-18DC-419E-B68B-D5FE346CB20A}"
EndProject
Project("{9A19103F-16F7-4668-BE54-9A1E7A4F7556}") = "DecoratorPattern", "STRUCTURAL\Decorator\DecoratorPattern\DecoratorPattern.csproj", "{45A4BDAE-903C-4215-A181-C3BCD8AB3075}"
EndProject
Project("{2150E333-8FDC-42A3-9474-1A3956D46DE8}") = "Bridge", "Bridge", "{C0D25FEA-C725-4AFB-845B-76BDD58930AE}"
EndProject
Project("{FAE04EC0-301F-11D3-BF4B-00C04F79EFBC}") = "BridgePattern", "STRUCTURAL\Bridge\BridgePattern\BridgePattern.csproj", "{A0DCDAD4-16CD-42DF-8DA5-D0FD885F50A5}"
EndProject
Project("{2150E333-8FDC-42A3-9474-1A3956D46DE8}") = "Proxy", "Proxy", "{59358B39-076D-4741-B0FF-8ABB75C10ED0}"
EndProject
Project("{FAE04EC0-301F-11D3-BF4B-00C04F79EFBC}") = "ProxPattern", "STRUCTURAL\Proxy\ProxPattern\ProxPattern.csproj", "{E5F5CC41-D27F-4DEE-B046-D96AA53A0FD9}"
EndProject
Project("{2150E333-8FDC-42A3-9474-1A3956D46DE8}") = "Flyweight", "Flyweight", "{FADE9053-5516-4E1F-B99A-0CBBECB2FCF3}"
EndProject
Project("{FAE04EC0-301F-11D3-BF4B-00C04F79EFBC}") = "FlyweightPattern", "STRUCTURAL\FlyWeight\FlyweightPattern\FlyweightPattern.csproj", "{A4EE7954-749E-45CD-BC4D-AAD2A311E177}"
EndProject
Project("{2150E333-8FDC-42A3-9474-1A3956D46DE8}") = "Facade", "Facade", "{0A464D4B-B895-444C-946B-C131095FA4F6}"
EndProject
Project("{FAE04EC0-301F-11D3-BF4B-00C04F79EFBC}") = "FacadePattern", "STRUCTURAL\Facade\FacadePattern\FacadePattern.csproj", "{58D9568F-A41B-4244-A33C-77F46580C2CD}"
EndProject
Project("{2150E333-8FDC-42A3-9474-1A3956D46DE8}") = "Composite", "Composite", "{01787454-486D-4D56-8064-DB26952ED33D}"
EndProject
Project("{FAE04EC0-301F-11D3-BF4B-00C04F79EFBC}") = "CompositePattern", "STRUCTURAL\Composite\CompositePattern\CompositePattern.csproj", "{D6AE10B2-2B99-4A82-8487-F4CFCB3973F9}"
EndProject
Project("{2150E333-8FDC-42A3-9474-1A3956D46DE8}") = "BEHAVIOURAL", "BEHAVIOURAL", "{F4A530CD-474C-46F4-B28A-853D0A6D2D4E}"
EndProject
Project("{2150E333-8FDC-42A3-9474-1A3956D46DE8}") = "ChainOfResponsibility", "ChainOfResponsibility", "{031A7A5A-3F72-41B7-8DB0-1F847D1589F4}"
EndProject
Project("{2150E333-8FDC-42A3-9474-1A3956D46DE8}") = "Command", "Command", "{857FE29D-1811-41BA-8FBC-56AAFB752305}"
EndProject
Project("{2150E333-8FDC-42A3-9474-1A3956D46DE8}") = "Interpreter", "Interpreter", "{F94AF939-7C9A-4ED6-8BA4-CEA87326026F}"
EndProject
Project("{2150E333-8FDC-42A3-9474-1A3956D46DE8}") = "Iterator", "Iterator", "{3E838E4D-3F58-4B8B-BD7F-97C32A6F76BE}"
EndProject
Project("{2150E333-8FDC-42A3-9474-1A3956D46DE8}") = "Mediator", "Mediator", "{208E2D34-C993-458A-8664-BF19E2FB7EFE}"
EndProject
Project("{2150E333-8FDC-42A3-9474-1A3956D46DE8}") = "Memento", "Memento", "{2F58CFFC-FF79-4BFE-8C7C-6CF07CC1453C}"
EndProject
Project("{2150E333-8FDC-42A3-9474-1A3956D46DE8}") = "Observer", "Observer", "{01F9384B-E9A9-4121-B78D-969F78BFDAC4}"
EndProject
Project("{2150E333-8FDC-42A3-9474-1A3956D46DE8}") = "PatternState", "PatternState", "{7A8C8020-EA98-4BD8-8B99-C21465A0E761}"
EndProject
Project("{2150E333-8FDC-42A3-9474-1A3956D46DE8}") = "Strategy", "Strategy", "{B0965105-AC93-49EB-AABD-E16E1E992A03}"
EndProject
Project("{2150E333-8FDC-42A3-9474-1A3956D46DE8}") = "TemplateMethod", "TemplateMethod", "{89A14B40-3B74-4576-8C4C-DAFDC412B806}"
EndProject
Project("{2150E333-8FDC-42A3-9474-1A3956D46DE8}") = "Visitor", "Visitor", "{8816082A-E820-430D-B02D-6226A35DA4BB}"
EndProject
Project("{FAE04EC0-301F-11D3-BF4B-00C04F79EFBC}") = "ChainOfResponsibility", "BEHAVIOURAL\ChainOfResponsibility\ChainOfResponsibility\ChainOfResponsibility.csproj", "{A261329B-0535-47B5-A074-A179B86FFCA1}"
EndProject
Project("{FAE04EC0-301F-11D3-BF4B-00C04F79EFBC}") = "Command", "BEHAVIOURAL\Command\Command\Command.csproj", "{0AB195A5-BDD7-4DD4-BA8C-FF1002FEEE8A}"
EndProject
Project("{FAE04EC0-301F-11D3-BF4B-00C04F79EFBC}") = "Interpreter", "BEHAVIOURAL\Interpreter\Interpreter\Interpreter.csproj", "{572DE113-C97A-4A1A-85FD-908D7F0F758F}"
EndProject
Project("{FAE04EC0-301F-11D3-BF4B-00C04F79EFBC}") = "Iterator", "BEHAVIOURAL\Iterator\Iterator\Iterator.csproj", "{5B787BD7-3C40-4054-9E0E-103D19F9E951}"
EndProject
Project("{FAE04EC0-301F-11D3-BF4B-00C04F79EFBC}") = "Mediator", "BEHAVIOURAL\Mediator\Mediator\Mediator.csproj", "{479CFEDF-F5B3-4749-83A5-72D2147DAAC8}"
EndProject
Project("{FAE04EC0-301F-11D3-BF4B-00C04F79EFBC}") = "Memento", "BEHAVIOURAL\Memento\Memento\Memento.csproj", "{C0C148FF-CC15-4300-9905-D801A87F0D4F}"
EndProject
Project("{FAE04EC0-301F-11D3-BF4B-00C04F79EFBC}") = "Observer", "BEHAVIOURAL\Observer\Observer\Observer.csproj", "{56F39427-3494-40E9-83BE-13B7456FE2C3}"
EndProject
Project("{FAE04EC0-301F-11D3-BF4B-00C04F79EFBC}") = "PatternState", "BEHAVIOURAL\PatternState\PatternState\PatternState.csproj", "{26537FB3-FE73-45D4-A78A-745BFD959772}"
EndProject
Project("{FAE04EC0-301F-11D3-BF4B-00C04F79EFBC}") = "Strategy", "BEHAVIOURAL\Strategy\Strategy\Strategy.csproj", "{27A18370-6233-436B-BDD9-EB2DB5A90829}"
EndProject
Project("{FAE04EC0-301F-11D3-BF4B-00C04F79EFBC}") = "TemplateMethod", "BEHAVIOURAL\TemplateMethod\TemplateMethod\TemplateMethod.csproj", "{1E862DBB-87ED-4824-A255-74667604D48A}"
EndProject
Project("{FAE04EC0-301F-11D3-BF4B-00C04F79EFBC}") = "Visitor", "BEHAVIOURAL\Visitor\Visitor\Visitor.csproj", "{80C93F29-9F68-4CBD-86DF-AEBFA27D7702}"
EndProject
Global
	GlobalSection(SolutionConfigurationPlatforms) = preSolution
		Debug|Any CPU = Debug|Any CPU
		Release|Any CPU = Release|Any CPU
	EndGlobalSection
	GlobalSection(ProjectConfigurationPlatforms) = postSolution
		{B83D1C48-B0F3-47ED-84EB-838CA83FC67A}.Debug|Any CPU.ActiveCfg = Debug|Any CPU
		{B83D1C48-B0F3-47ED-84EB-838CA83FC67A}.Debug|Any CPU.Build.0 = Debug|Any CPU
		{B83D1C48-B0F3-47ED-84EB-838CA83FC67A}.Release|Any CPU.ActiveCfg = Release|Any CPU
		{B83D1C48-B0F3-47ED-84EB-838CA83FC67A}.Release|Any CPU.Build.0 = Release|Any CPU
		{9632F948-7835-4CA1-BA9B-C744E7A2EF1F}.Debug|Any CPU.ActiveCfg = Debug|Any CPU
		{9632F948-7835-4CA1-BA9B-C744E7A2EF1F}.Debug|Any CPU.Build.0 = Debug|Any CPU
		{9632F948-7835-4CA1-BA9B-C744E7A2EF1F}.Release|Any CPU.ActiveCfg = Release|Any CPU
		{9632F948-7835-4CA1-BA9B-C744E7A2EF1F}.Release|Any CPU.Build.0 = Release|Any CPU
		{B1E7A9CC-A48F-4E02-938D-3440432E4347}.Debug|Any CPU.ActiveCfg = Debug|Any CPU
		{B1E7A9CC-A48F-4E02-938D-3440432E4347}.Debug|Any CPU.Build.0 = Debug|Any CPU
		{B1E7A9CC-A48F-4E02-938D-3440432E4347}.Release|Any CPU.ActiveCfg = Release|Any CPU
		{B1E7A9CC-A48F-4E02-938D-3440432E4347}.Release|Any CPU.Build.0 = Release|Any CPU
		{7136F4C1-BFC6-41E8-9E4C-910557A8C5AD}.Debug|Any CPU.ActiveCfg = Debug|Any CPU
		{7136F4C1-BFC6-41E8-9E4C-910557A8C5AD}.Debug|Any CPU.Build.0 = Debug|Any CPU
		{7136F4C1-BFC6-41E8-9E4C-910557A8C5AD}.Release|Any CPU.ActiveCfg = Release|Any CPU
		{7136F4C1-BFC6-41E8-9E4C-910557A8C5AD}.Release|Any CPU.Build.0 = Release|Any CPU
		{834B0352-6F41-4329-A70A-FFF5EB442B21}.Debug|Any CPU.ActiveCfg = Debug|Any CPU
		{834B0352-6F41-4329-A70A-FFF5EB442B21}.Debug|Any CPU.Build.0 = Debug|Any CPU
		{834B0352-6F41-4329-A70A-FFF5EB442B21}.Release|Any CPU.ActiveCfg = Release|Any CPU
		{834B0352-6F41-4329-A70A-FFF5EB442B21}.Release|Any CPU.Build.0 = Release|Any CPU
		{03D2B8EA-4ED5-4CA2-AC86-ACC401952646}.Debug|Any CPU.ActiveCfg = Debug|Any CPU
		{03D2B8EA-4ED5-4CA2-AC86-ACC401952646}.Debug|Any CPU.Build.0 = Debug|Any CPU
		{03D2B8EA-4ED5-4CA2-AC86-ACC401952646}.Release|Any CPU.ActiveCfg = Release|Any CPU
		{03D2B8EA-4ED5-4CA2-AC86-ACC401952646}.Release|Any CPU.Build.0 = Release|Any CPU
		{45A4BDAE-903C-4215-A181-C3BCD8AB3075}.Debug|Any CPU.ActiveCfg = Debug|Any CPU
		{45A4BDAE-903C-4215-A181-C3BCD8AB3075}.Debug|Any CPU.Build.0 = Debug|Any CPU
		{45A4BDAE-903C-4215-A181-C3BCD8AB3075}.Release|Any CPU.ActiveCfg = Release|Any CPU
		{45A4BDAE-903C-4215-A181-C3BCD8AB3075}.Release|Any CPU.Build.0 = Release|Any CPU
		{A0DCDAD4-16CD-42DF-8DA5-D0FD885F50A5}.Debug|Any CPU.ActiveCfg = Debug|Any CPU
		{A0DCDAD4-16CD-42DF-8DA5-D0FD885F50A5}.Debug|Any CPU.Build.0 = Debug|Any CPU
		{A0DCDAD4-16CD-42DF-8DA5-D0FD885F50A5}.Release|Any CPU.ActiveCfg = Release|Any CPU
		{A0DCDAD4-16CD-42DF-8DA5-D0FD885F50A5}.Release|Any CPU.Build.0 = Release|Any CPU
		{E5F5CC41-D27F-4DEE-B046-D96AA53A0FD9}.Debug|Any CPU.ActiveCfg = Debug|Any CPU
		{E5F5CC41-D27F-4DEE-B046-D96AA53A0FD9}.Debug|Any CPU.Build.0 = Debug|Any CPU
		{E5F5CC41-D27F-4DEE-B046-D96AA53A0FD9}.Release|Any CPU.ActiveCfg = Release|Any CPU
		{E5F5CC41-D27F-4DEE-B046-D96AA53A0FD9}.Release|Any CPU.Build.0 = Release|Any CPU
		{A4EE7954-749E-45CD-BC4D-AAD2A311E177}.Debug|Any CPU.ActiveCfg = Debug|Any CPU
		{A4EE7954-749E-45CD-BC4D-AAD2A311E177}.Debug|Any CPU.Build.0 = Debug|Any CPU
		{A4EE7954-749E-45CD-BC4D-AAD2A311E177}.Release|Any CPU.ActiveCfg = Release|Any CPU
		{A4EE7954-749E-45CD-BC4D-AAD2A311E177}.Release|Any CPU.Build.0 = Release|Any CPU
		{58D9568F-A41B-4244-A33C-77F46580C2CD}.Debug|Any CPU.ActiveCfg = Debug|Any CPU
		{58D9568F-A41B-4244-A33C-77F46580C2CD}.Debug|Any CPU.Build.0 = Debug|Any CPU
		{58D9568F-A41B-4244-A33C-77F46580C2CD}.Release|Any CPU.ActiveCfg = Release|Any CPU
		{58D9568F-A41B-4244-A33C-77F46580C2CD}.Release|Any CPU.Build.0 = Release|Any CPU
		{D6AE10B2-2B99-4A82-8487-F4CFCB3973F9}.Debug|Any CPU.ActiveCfg = Debug|Any CPU
		{D6AE10B2-2B99-4A82-8487-F4CFCB3973F9}.Debug|Any CPU.Build.0 = Debug|Any CPU
		{D6AE10B2-2B99-4A82-8487-F4CFCB3973F9}.Release|Any CPU.ActiveCfg = Release|Any CPU
		{D6AE10B2-2B99-4A82-8487-F4CFCB3973F9}.Release|Any CPU.Build.0 = Release|Any CPU
		{A261329B-0535-47B5-A074-A179B86FFCA1}.Debug|Any CPU.ActiveCfg = Debug|Any CPU
		{A261329B-0535-47B5-A074-A179B86FFCA1}.Debug|Any CPU.Build.0 = Debug|Any CPU
		{A261329B-0535-47B5-A074-A179B86FFCA1}.Release|Any CPU.ActiveCfg = Release|Any CPU
		{A261329B-0535-47B5-A074-A179B86FFCA1}.Release|Any CPU.Build.0 = Release|Any CPU
		{0AB195A5-BDD7-4DD4-BA8C-FF1002FEEE8A}.Debug|Any CPU.ActiveCfg = Debug|Any CPU
		{0AB195A5-BDD7-4DD4-BA8C-FF1002FEEE8A}.Debug|Any CPU.Build.0 = Debug|Any CPU
		{0AB195A5-BDD7-4DD4-BA8C-FF1002FEEE8A}.Release|Any CPU.ActiveCfg = Release|Any CPU
		{0AB195A5-BDD7-4DD4-BA8C-FF1002FEEE8A}.Release|Any CPU.Build.0 = Release|Any CPU
		{572DE113-C97A-4A1A-85FD-908D7F0F758F}.Debug|Any CPU.ActiveCfg = Debug|Any CPU
		{572DE113-C97A-4A1A-85FD-908D7F0F758F}.Debug|Any CPU.Build.0 = Debug|Any CPU
		{572DE113-C97A-4A1A-85FD-908D7F0F758F}.Release|Any CPU.ActiveCfg = Release|Any CPU
		{572DE113-C97A-4A1A-85FD-908D7F0F758F}.Release|Any CPU.Build.0 = Release|Any CPU
		{5B787BD7-3C40-4054-9E0E-103D19F9E951}.Debug|Any CPU.ActiveCfg = Debug|Any CPU
		{5B787BD7-3C40-4054-9E0E-103D19F9E951}.Debug|Any CPU.Build.0 = Debug|Any CPU
		{5B787BD7-3C40-4054-9E0E-103D19F9E951}.Release|Any CPU.ActiveCfg = Release|Any CPU
		{5B787BD7-3C40-4054-9E0E-103D19F9E951}.Release|Any CPU.Build.0 = Release|Any CPU
		{479CFEDF-F5B3-4749-83A5-72D2147DAAC8}.Debug|Any CPU.ActiveCfg = Debug|Any CPU
		{479CFEDF-F5B3-4749-83A5-72D2147DAAC8}.Debug|Any CPU.Build.0 = Debug|Any CPU
		{479CFEDF-F5B3-4749-83A5-72D2147DAAC8}.Release|Any CPU.ActiveCfg = Release|Any CPU
		{479CFEDF-F5B3-4749-83A5-72D2147DAAC8}.Release|Any CPU.Build.0 = Release|Any CPU
		{C0C148FF-CC15-4300-9905-D801A87F0D4F}.Debug|Any CPU.ActiveCfg = Debug|Any CPU
		{C0C148FF-CC15-4300-9905-D801A87F0D4F}.Debug|Any CPU.Build.0 = Debug|Any CPU
		{C0C148FF-CC15-4300-9905-D801A87F0D4F}.Release|Any CPU.ActiveCfg = Release|Any CPU
		{C0C148FF-CC15-4300-9905-D801A87F0D4F}.Release|Any CPU.Build.0 = Release|Any CPU
		{56F39427-3494-40E9-83BE-13B7456FE2C3}.Debug|Any CPU.ActiveCfg = Debug|Any CPU
		{56F39427-3494-40E9-83BE-13B7456FE2C3}.Debug|Any CPU.Build.0 = Debug|Any CPU
		{56F39427-3494-40E9-83BE-13B7456FE2C3}.Release|Any CPU.ActiveCfg = Release|Any CPU
		{56F39427-3494-40E9-83BE-13B7456FE2C3}.Release|Any CPU.Build.0 = Release|Any CPU
		{26537FB3-FE73-45D4-A78A-745BFD959772}.Debug|Any CPU.ActiveCfg = Debug|Any CPU
		{26537FB3-FE73-45D4-A78A-745BFD959772}.Debug|Any CPU.Build.0 = Debug|Any CPU
		{26537FB3-FE73-45D4-A78A-745BFD959772}.Release|Any CPU.ActiveCfg = Release|Any CPU
		{26537FB3-FE73-45D4-A78A-745BFD959772}.Release|Any CPU.Build.0 = Release|Any CPU
		{27A18370-6233-436B-BDD9-EB2DB5A90829}.Debug|Any CPU.ActiveCfg = Debug|Any CPU
		{27A18370-6233-436B-BDD9-EB2DB5A90829}.Debug|Any CPU.Build.0 = Debug|Any CPU
		{27A18370-6233-436B-BDD9-EB2DB5A90829}.Release|Any CPU.ActiveCfg = Release|Any CPU
		{27A18370-6233-436B-BDD9-EB2DB5A90829}.Release|Any CPU.Build.0 = Release|Any CPU
		{1E862DBB-87ED-4824-A255-74667604D48A}.Debug|Any CPU.ActiveCfg = Debug|Any CPU
		{1E862DBB-87ED-4824-A255-74667604D48A}.Debug|Any CPU.Build.0 = Debug|Any CPU
		{1E862DBB-87ED-4824-A255-74667604D48A}.Release|Any CPU.ActiveCfg = Release|Any CPU
		{1E862DBB-87ED-4824-A255-74667604D48A}.Release|Any CPU.Build.0 = Release|Any CPU
		{80C93F29-9F68-4CBD-86DF-AEBFA27D7702}.Debug|Any CPU.ActiveCfg = Debug|Any CPU
		{80C93F29-9F68-4CBD-86DF-AEBFA27D7702}.Debug|Any CPU.Build.0 = Debug|Any CPU
		{80C93F29-9F68-4CBD-86DF-AEBFA27D7702}.Release|Any CPU.ActiveCfg = Release|Any CPU
		{80C93F29-9F68-4CBD-86DF-AEBFA27D7702}.Release|Any CPU.Build.0 = Release|Any CPU
	EndGlobalSection
	GlobalSection(SolutionProperties) = preSolution
		HideSolutionNode = FALSE
	EndGlobalSection
	GlobalSection(NestedProjects) = preSolution
		{7921B910-F553-4880-A5E2-90D64CE4DE28} = {F8DA992D-6B66-4A3B-B497-68A332F9F40B}
		{B83D1C48-B0F3-47ED-84EB-838CA83FC67A} = {7921B910-F553-4880-A5E2-90D64CE4DE28}
		{6A76D58D-E90D-4A04-A4CD-AF78094D18BE} = {F8DA992D-6B66-4A3B-B497-68A332F9F40B}
		{9632F948-7835-4CA1-BA9B-C744E7A2EF1F} = {6A76D58D-E90D-4A04-A4CD-AF78094D18BE}
		{FEDFFF3D-0AA8-4B63-880C-941A85ACB5A9} = {F8DA992D-6B66-4A3B-B497-68A332F9F40B}
		{B1E7A9CC-A48F-4E02-938D-3440432E4347} = {FEDFFF3D-0AA8-4B63-880C-941A85ACB5A9}
		{5E5E81DD-263C-45C0-B7EC-7AADC0C6D6A3} = {F8DA992D-6B66-4A3B-B497-68A332F9F40B}
		{7136F4C1-BFC6-41E8-9E4C-910557A8C5AD} = {5E5E81DD-263C-45C0-B7EC-7AADC0C6D6A3}
		{552D2AE2-EB05-4140-AA0B-3DADD8CE3024} = {F8DA992D-6B66-4A3B-B497-68A332F9F40B}
		{834B0352-6F41-4329-A70A-FFF5EB442B21} = {552D2AE2-EB05-4140-AA0B-3DADD8CE3024}
		{3E386CAC-1048-49E0-B314-BF5C0EE14A48} = {0B24DD7E-AF6A-467B-B04F-37A53A5EDA9D}
		{03D2B8EA-4ED5-4CA2-AC86-ACC401952646} = {3E386CAC-1048-49E0-B314-BF5C0EE14A48}
		{02A94BB9-18DC-419E-B68B-D5FE346CB20A} = {0B24DD7E-AF6A-467B-B04F-37A53A5EDA9D}
		{45A4BDAE-903C-4215-A181-C3BCD8AB3075} = {02A94BB9-18DC-419E-B68B-D5FE346CB20A}
		{C0D25FEA-C725-4AFB-845B-76BDD58930AE} = {0B24DD7E-AF6A-467B-B04F-37A53A5EDA9D}
		{A0DCDAD4-16CD-42DF-8DA5-D0FD885F50A5} = {C0D25FEA-C725-4AFB-845B-76BDD58930AE}
		{59358B39-076D-4741-B0FF-8ABB75C10ED0} = {0B24DD7E-AF6A-467B-B04F-37A53A5EDA9D}
		{E5F5CC41-D27F-4DEE-B046-D96AA53A0FD9} = {59358B39-076D-4741-B0FF-8ABB75C10ED0}
		{FADE9053-5516-4E1F-B99A-0CBBECB2FCF3} = {0B24DD7E-AF6A-467B-B04F-37A53A5EDA9D}
		{A4EE7954-749E-45CD-BC4D-AAD2A311E177} = {FADE9053-5516-4E1F-B99A-0CBBECB2FCF3}
		{0A464D4B-B895-444C-946B-C131095FA4F6} = {0B24DD7E-AF6A-467B-B04F-37A53A5EDA9D}
		{58D9568F-A41B-4244-A33C-77F46580C2CD} = {0A464D4B-B895-444C-946B-C131095FA4F6}
		{01787454-486D-4D56-8064-DB26952ED33D} = {0B24DD7E-AF6A-467B-B04F-37A53A5EDA9D}
		{D6AE10B2-2B99-4A82-8487-F4CFCB3973F9} = {01787454-486D-4D56-8064-DB26952ED33D}
		{031A7A5A-3F72-41B7-8DB0-1F847D1589F4} = {F4A530CD-474C-46F4-B28A-853D0A6D2D4E}
		{857FE29D-1811-41BA-8FBC-56AAFB752305} = {F4A530CD-474C-46F4-B28A-853D0A6D2D4E}
		{F94AF939-7C9A-4ED6-8BA4-CEA87326026F} = {F4A530CD-474C-46F4-B28A-853D0A6D2D4E}
		{3E838E4D-3F58-4B8B-BD7F-97C32A6F76BE} = {F4A530CD-474C-46F4-B28A-853D0A6D2D4E}
		{208E2D34-C993-458A-8664-BF19E2FB7EFE} = {F4A530CD-474C-46F4-B28A-853D0A6D2D4E}
		{2F58CFFC-FF79-4BFE-8C7C-6CF07CC1453C} = {F4A530CD-474C-46F4-B28A-853D0A6D2D4E}
		{01F9384B-E9A9-4121-B78D-969F78BFDAC4} = {F4A530CD-474C-46F4-B28A-853D0A6D2D4E}
		{7A8C8020-EA98-4BD8-8B99-C21465A0E761} = {F4A530CD-474C-46F4-B28A-853D0A6D2D4E}
		{B0965105-AC93-49EB-AABD-E16E1E992A03} = {F4A530CD-474C-46F4-B28A-853D0A6D2D4E}
		{89A14B40-3B74-4576-8C4C-DAFDC412B806} = {F4A530CD-474C-46F4-B28A-853D0A6D2D4E}
		{8816082A-E820-430D-B02D-6226A35DA4BB} = {F4A530CD-474C-46F4-B28A-853D0A6D2D4E}
		{A261329B-0535-47B5-A074-A179B86FFCA1} = {031A7A5A-3F72-41B7-8DB0-1F847D1589F4}
		{0AB195A5-BDD7-4DD4-BA8C-FF1002FEEE8A} = {857FE29D-1811-41BA-8FBC-56AAFB752305}
		{572DE113-C97A-4A1A-85FD-908D7F0F758F} = {F94AF939-7C9A-4ED6-8BA4-CEA87326026F}
		{5B787BD7-3C40-4054-9E0E-103D19F9E951} = {3E838E4D-3F58-4B8B-BD7F-97C32A6F76BE}
		{479CFEDF-F5B3-4749-83A5-72D2147DAAC8} = {208E2D34-C993-458A-8664-BF19E2FB7EFE}
		{C0C148FF-CC15-4300-9905-D801A87F0D4F} = {2F58CFFC-FF79-4BFE-8C7C-6CF07CC1453C}
		{56F39427-3494-40E9-83BE-13B7456FE2C3} = {01F9384B-E9A9-4121-B78D-969F78BFDAC4}
		{26537FB3-FE73-45D4-A78A-745BFD959772} = {7A8C8020-EA98-4BD8-8B99-C21465A0E761}
		{27A18370-6233-436B-BDD9-EB2DB5A90829} = {B0965105-AC93-49EB-AABD-E16E1E992A03}
		{1E862DBB-87ED-4824-A255-74667604D48A} = {89A14B40-3B74-4576-8C4C-DAFDC412B806}
		{80C93F29-9F68-4CBD-86DF-AEBFA27D7702} = {8816082A-E820-430D-B02D-6226A35DA4BB}
	EndGlobalSection
	GlobalSection(ExtensibilityGlobals) = postSolution
		SolutionGuid = {1AF1B6A7-C84B-4819-8516-BAB67847BFD6}
	EndGlobalSection
EndGlobal
